{
  "name": "sfn-schedule-parser",
  "version": "0.2.0",
  "lockfileVersion": 1,
  "requires": true,
  "dependencies": {
    "current-week-number": {
      "version": "1.0.7",
      "resolved": "https://registry.npmjs.org/current-week-number/-/current-week-number-1.0.7.tgz",
      "integrity": "sha1-VnJ4rrX+WN7LFQuayGT5Pc5O2XI="
    }
  }
}
