{
  "name": "sfn-schedule-parser",
  "version": "0.3.0",
  "lockfileVersion": 1,
  "requires": true,
  "dependencies": {
    "current-week-number": {
      "version": "1.0.7",
      "resolved": "https://registry.npmjs.org/current-week-number/-/current-week-number-1.0.7.tgz",
      "integrity": "sha1-VnJ4rrX+WN7LFQuayGT5Pc5O2XI="
    },
    "string-trimmer": {
      "version": "1.0.1",
      "resolved": "https://registry.npmjs.org/string-trimmer/-/string-trimmer-1.0.1.tgz",
      "integrity": "sha512-YhXqggDSzWU0xBNDLw2LqYrYNMD+BJvumSFQbJj9l1r4nZg72bWI3mrzGuHwZY4q5lIMCFcx9mnRbK7Qc1aavg=="
    }
  }
}
